
Microsoft Visual Studio Solution File, Format Version 12.00
# Visual Studio Version 16
VisualStudioVersion = 16.0.30413.136
MinimumVisualStudioVersion = 10.0.40219.1
Project("{FAE04EC0-301F-11D3-BF4B-00C04F79EFBC}") = "2hourRNG", "2hourRNG\2hourRNG.csproj", "{20F8F8AF-C14E-4328-BBB6-82751BB66558}"
EndProject
Global
	GlobalSection(SolutionConfigurationPlatforms) = preSolution
		Debug|Any CPU = Debug|Any CPU
		Release|Any CPU = Release|Any CPU
	EndGlobalSection
	GlobalSection(ProjectConfigurationPlatforms) = postSolution
		{20F8F8AF-C14E-4328-BBB6-82751BB66558}.Debug|Any CPU.ActiveCfg = Debug|Any CPU
		{20F8F8AF-C14E-4328-BBB6-82751BB66558}.Debug|Any CPU.Build.0 = Debug|Any CPU
		{20F8F8AF-C14E-4328-BBB6-82751BB66558}.Release|Any CPU.ActiveCfg = Release|Any CPU
		{20F8F8AF-C14E-4328-BBB6-82751BB66558}.Release|Any CPU.Build.0 = Release|Any CPU
	EndGlobalSection
	GlobalSection(SolutionProperties) = preSolution
		HideSolutionNode = FALSE
	EndGlobalSection
	GlobalSection(ExtensibilityGlobals) = postSolution
		SolutionGuid = {A880C0F8-A426-4AC7-8DF6-2EE6061C4F43}
	EndGlobalSection
EndGlobal
